
Microsoft Visual Studio Solution File, Format Version 12.00
# Visual Studio Version 16
VisualStudioVersion = 16.0.30002.166
MinimumVisualStudioVersion = 10.0.40219.1
Project("{F184B08F-C81C-45F6-A57F-5ABD9991F28F}") = "ACCOUNT_SYSTEM", "ACCOUNT_SYSTEM\ACCOUNT_SYSTEM.vbproj", "{21F6F635-E610-4712-B3A3-D4C3BA761EB6}"
EndProject
Global
	GlobalSection(SolutionConfigurationPlatforms) = preSolution
		Debug|Any CPU = Debug|Any CPU
		Release|Any CPU = Release|Any CPU
	EndGlobalSection
	GlobalSection(ProjectConfigurationPlatforms) = postSolution
		{21F6F635-E610-4712-B3A3-D4C3BA761EB6}.Debug|Any CPU.ActiveCfg = Debug|Any CPU
		{21F6F635-E610-4712-B3A3-D4C3BA761EB6}.Debug|Any CPU.Build.0 = Debug|Any CPU
		{21F6F635-E610-4712-B3A3-D4C3BA761EB6}.Release|Any CPU.ActiveCfg = Release|Any CPU
		{21F6F635-E610-4712-B3A3-D4C3BA761EB6}.Release|Any CPU.Build.0 = Release|Any CPU
	EndGlobalSection
	GlobalSection(SolutionProperties) = preSolution
		HideSolutionNode = FALSE
	EndGlobalSection
	GlobalSection(ExtensibilityGlobals) = postSolution
		SolutionGuid = {DE8B35A6-2832-4A38-BBE8-D50DF08DA595}
	EndGlobalSection
EndGlobal
